// !$*UTF8*$!
{
	archiveVersion = 1;
	classes = {
	};
	objectVersion = 46;
	objects = {

/* Begin PBXBuildFile section */
		205A09C61F6C555B004B5C63 /* main.m in Sources */ = {isa = PBXBuildFile; fileRef = 205A09C51F6C555B004B5C63 /* main.m */; };
		205A09C91F6C555B004B5C63 /* AppDelegate.m in Sources */ = {isa = PBXBuildFile; fileRef = 205A09C81F6C555B004B5C63 /* AppDelegate.m */; };
		205A09CC1F6C555B004B5C63 /* ViewController.m in Sources */ = {isa = PBXBuildFile; fileRef = 205A09CB1F6C555B004B5C63 /* ViewController.m */; };
		205A09CF1F6C555B004B5C63 /* Main.storyboard in Resources */ = {isa = PBXBuildFile; fileRef = 205A09CD1F6C555B004B5C63 /* Main.storyboard */; };
		205A09D11F6C555B004B5C63 /* Assets.xcassets in Resources */ = {isa = PBXBuildFile; fileRef = 205A09D01F6C555B004B5C63 /* Assets.xcassets */; };
		205A09D41F6C555B004B5C63 /* LaunchScreen.storyboard in Resources */ = {isa = PBXBuildFile; fileRef = 205A09D21F6C555B004B5C63 /* LaunchScreen.storyboard */; };
		205A09DF1F6C555B004B5C63 /* iOSDataStorageTests.m in Sources */ = {isa = PBXBuildFile; fileRef = 205A09DE1F6C555B004B5C63 /* iOSDataStorageTests.m */; };
		205A09EA1F6C555B004B5C63 /* iOSDataStorageUITests.m in Sources */ = {isa = PBXBuildFile; fileRef = 205A09E91F6C555B004B5C63 /* iOSDataStorageUITests.m */; };
/* End PBXBuildFile section */

/* Begin PBXContainerItemProxy section */
		205A09DB1F6C555B004B5C63 /* PBXContainerItemProxy */ = {
			isa = PBXContainerItemProxy;
			containerPortal = 205A09B91F6C555B004B5C63 /* Project object */;
			proxyType = 1;
			remoteGlobalIDString = 205A09C01F6C555B004B5C63;
			remoteInfo = iOSDataStorage;
		};
		205A09E61F6C555B004B5C63 /* PBXContainerItemProxy */ = {
			isa = PBXContainerItemProxy;
			containerPortal = 205A09B91F6C555B004B5C63 /* Project object */;
			proxyType = 1;
			remoteGlobalIDString = 205A09C01F6C555B004B5C63;
			remoteInfo = iOSDataStorage;
		};
/* End PBXContainerItemProxy section */

/* Begin PBXFileReference section */
		205A09C11F6C555B004B5C63 /* iOSDataStorage.app */ = {isa = PBXFileReference; explicitFileType = wrapper.application; includeInIndex = 0; path = iOSDataStorage.app; sourceTree = BUILT_PRODUCTS_DIR; };
		205A09C51F6C555B004B5C63 /* main.m */ = {isa = PBXFileReference; lastKnownFileType = sourcecode.c.objc; path = main.m; sourceTree = "<group>"; };
		205A09C71F6C555B004B5C63 /* AppDelegate.h */ = {isa = PBXFileReference; lastKnownFileType = sourcecode.c.h; path = AppDelegate.h; sourceTree = "<group>"; };
		205A09C81F6C555B004B5C63 /* AppDelegate.m */ = {isa = PBXFileReference; lastKnownFileType = sourcecode.c.objc; path = AppDelegate.m; sourceTree = "<group>"; };
		205A09CA1F6C555B004B5C63 /* ViewController.h */ = {isa = PBXFileReference; lastKnownFileType = sourcecode.c.h; path = ViewController.h; sourceTree = "<group>"; };
		205A09CB1F6C555B004B5C63 /* ViewController.m */ = {isa = PBXFileReference; lastKnownFileType = sourcecode.c.objc; path = ViewController.m; sourceTree = "<group>"; };
		205A09CE1F6C555B004B5C63 /* Base */ = {isa = PBXFileReference; lastKnownFileType = file.storyboard; name = Base; path = Base.lproj/Main.storyboard; sourceTree = "<group>"; };
		205A09D01F6C555B004B5C63 /* Assets.xcassets */ = {isa = PBXFileReference; lastKnownFileType = folder.assetcatalog; path = Assets.xcassets; sourceTree = "<group>"; };
		205A09D31F6C555B004B5C63 /* Base */ = {isa = PBXFileReference; lastKnownFileType = file.storyboard; name = Base; path = Base.lproj/LaunchScreen.storyboard; sourceTree = "<group>"; };
		205A09D51F6C555B004B5C63 /* Info.plist */ = {isa = PBXFileReference; lastKnownFileType = text.plist.xml; path = Info.plist; sourceTree = "<group>"; };
		205A09DA1F6C555B004B5C63 /* iOSDataStorageTests.xctest */ = {isa = PBXFileReference; explicitFileType = wrapper.cfbundle; includeInIndex = 0; path = iOSDataStorageTests.xctest; sourceTree = BUILT_PRODUCTS_DIR; };
		205A09DE1F6C555B004B5C63 /* iOSDataStorageTests.m */ = {isa = PBXFileReference; lastKnownFileType = sourcecode.c.objc; path = iOSDataStorageTests.m; sourceTree = "<group>"; };
		205A09E01F6C555B004B5C63 /* Info.plist */ = {isa = PBXFileReference; lastKnownFileType = text.plist.xml; path = Info.plist; sourceTree = "<group>"; };
		205A09E51F6C555B004B5C63 /* iOSDataStorageUITests.xctest */ = {isa = PBXFileReference; explicitFileType = wrapper.cfbundle; includeInIndex = 0; path = iOSDataStorageUITests.xctest; sourceTree = BUILT_PRODUCTS_DIR; };
		205A09E91F6C555B004B5C63 /* iOSDataStorageUITests.m */ = {isa = PBXFileReference; lastKnownFileType = sourcecode.c.objc; path = iOSDataStorageUITests.m; sourceTree = "<group>"; };
		205A09EB1F6C555B004B5C63 /* Info.plist */ = {isa = PBXFileReference; lastKnownFileType = text.plist.xml; path = Info.plist; sourceTree = "<group>"; };
/* End PBXFileReference section */

/* Begin PBXFrameworksBuildPhase section */
		205A09BE1F6C555B004B5C63 /* Frameworks */ = {
			isa = PBXFrameworksBuildPhase;
			buildActionMask = 2147483647;
			files = (
			);
			runOnlyForDeploymentPostprocessing = 0;
		};
		205A09D71F6C555B004B5C63 /* Frameworks */ = {
			isa = PBXFrameworksBuildPhase;
			buildActionMask = 2147483647;
			files = (
			);
			runOnlyForDeploymentPostprocessing = 0;
		};
		205A09E21F6C555B004B5C63 /* Frameworks */ = {
			isa = PBXFrameworksBuildPhase;
			buildActionMask = 2147483647;
			files = (
			);
			runOnlyForDeploymentPostprocessing = 0;
		};
/* End PBXFrameworksBuildPhase section */

/* Begin PBXGroup section */
		205A09B81F6C555B004B5C63 = {
			isa = PBXGroup;
			children = (
				205A09C31F6C555B004B5C63 /* iOSDataStorage */,
				205A09DD1F6C555B004B5C63 /* iOSDataStorageTests */,
				205A09E81F6C555B004B5C63 /* iOSDataStorageUITests */,
				205A09C21F6C555B004B5C63 /* Products */,
			);
			sourceTree = "<group>";
		};
		205A09C21F6C555B004B5C63 /* Products */ = {
			isa = PBXGroup;
			children = (
				205A09C11F6C555B004B5C63 /* iOSDataStorage.app */,
				205A09DA1F6C555B004B5C63 /* iOSDataStorageTests.xctest */,
				205A09E51F6C555B004B5C63 /* iOSDataStorageUITests.xctest */,
			);
			name = Products;
			sourceTree = "<group>";
		};
		205A09C31F6C555B004B5C63 /* iOSDataStorage */ = {
			isa = PBXGroup;
			children = (
				205A09C71F6C555B004B5C63 /* AppDelegate.h */,
				205A09C81F6C555B004B5C63 /* AppDelegate.m */,
				205A09CA1F6C555B004B5C63 /* ViewController.h */,
				205A09CB1F6C555B004B5C63 /* ViewController.m */,
				205A09CD1F6C555B004B5C63 /* Main.storyboard */,
				205A09D01F6C555B004B5C63 /* Assets.xcassets */,
				205A09D21F6C555B004B5C63 /* LaunchScreen.storyboard */,
				205A09D51F6C555B004B5C63 /* Info.plist */,
				205A09C41F6C555B004B5C63 /* Supporting Files */,
			);
			path = iOSDataStorage;
			sourceTree = "<group>";
		};
		205A09C41F6C555B004B5C63 /* Supporting Files */ = {
			isa = PBXGroup;
			children = (
				205A09C51F6C555B004B5C63 /* main.m */,
			);
			name = "Supporting Files";
			sourceTree = "<group>";
		};
		205A09DD1F6C555B004B5C63 /* iOSDataStorageTests */ = {
			isa = PBXGroup;
			children = (
				205A09DE1F6C555B004B5C63 /* iOSDataStorageTests.m */,
				205A09E01F6C555B004B5C63 /* Info.plist */,
			);
			path = iOSDataStorageTests;
			sourceTree = "<group>";
		};
		205A09E81F6C555B004B5C63 /* iOSDataStorageUITests */ = {
			isa = PBXGroup;
			children = (
				205A09E91F6C555B004B5C63 /* iOSDataStorageUITests.m */,
				205A09EB1F6C555B004B5C63 /* Info.plist */,
			);
			path = iOSDataStorageUITests;
			sourceTree = "<group>";
		};
/* End PBXGroup section */

/* Begin PBXNativeTarget section */
		205A09C01F6C555B004B5C63 /* iOSDataStorage */ = {
			isa = PBXNativeTarget;
			buildConfigurationList = 205A09EE1F6C555B004B5C63 /* Build configuration list for PBXNativeTarget "iOSDataStorage" */;
			buildPhases = (
				205A09BD1F6C555B004B5C63 /* Sources */,
				205A09BE1F6C555B004B5C63 /* Frameworks */,
				205A09BF1F6C555B004B5C63 /* Resources */,
			);
			buildRules = (
			);
			dependencies = (
			);
			name = iOSDataStorage;
			productName = iOSDataStorage;
			productReference = 205A09C11F6C555B004B5C63 /* iOSDataStorage.app */;
			productType = "com.apple.product-type.application";
		};
		205A09D91F6C555B004B5C63 /* iOSDataStorageTests */ = {
			isa = PBXNativeTarget;
			buildConfigurationList = 205A09F11F6C555B004B5C63 /* Build configuration list for PBXNativeTarget "iOSDataStorageTests" */;
			buildPhases = (
				205A09D61F6C555B004B5C63 /* Sources */,
				205A09D71F6C555B004B5C63 /* Frameworks */,
				205A09D81F6C555B004B5C63 /* Resources */,
			);
			buildRules = (
			);
			dependencies = (
				205A09DC1F6C555B004B5C63 /* PBXTargetDependency */,
			);
			name = iOSDataStorageTests;
			productName = iOSDataStorageTests;
			productReference = 205A09DA1F6C555B004B5C63 /* iOSDataStorageTests.xctest */;
			productType = "com.apple.product-type.bundle.unit-test";
		};
		205A09E41F6C555B004B5C63 /* iOSDataStorageUITests */ = {
			isa = PBXNativeTarget;
			buildConfigurationList = 205A09F41F6C555B004B5C63 /* Build configuration list for PBXNativeTarget "iOSDataStorageUITests" */;
			buildPhases = (
				205A09E11F6C555B004B5C63 /* Sources */,
				205A09E21F6C555B004B5C63 /* Frameworks */,
				205A09E31F6C555B004B5C63 /* Resources */,
			);
			buildRules = (
			);
			dependencies = (
				205A09E71F6C555B004B5C63 /* PBXTargetDependency */,
			);
			name = iOSDataStorageUITests;
			productName = iOSDataStorageUITests;
			productReference = 205A09E51F6C555B004B5C63 /* iOSDataStorageUITests.xctest */;
			productType = "com.apple.product-type.bundle.ui-testing";
		};
/* End PBXNativeTarget section */

/* Begin PBXProject section */
		205A09B91F6C555B004B5C63 /* Project object */ = {
			isa = PBXProject;
			attributes = {
				LastUpgradeCheck = 0830;
				ORGANIZATIONNAME = "Sneha Kasetty Sudarshan";
				TargetAttributes = {
					205A09C01F6C555B004B5C63 = {
						CreatedOnToolsVersion = 8.3.3;
						DevelopmentTeam = 4LAC7B63N5;
						ProvisioningStyle = Automatic;
					};
					205A09D91F6C555B004B5C63 = {
						CreatedOnToolsVersion = 8.3.3;
						DevelopmentTeam = 4LAC7B63N5;
						ProvisioningStyle = Automatic;
						TestTargetID = 205A09C01F6C555B004B5C63;
					};
					205A09E41F6C555B004B5C63 = {
						CreatedOnToolsVersion = 8.3.3;
						DevelopmentTeam = 4LAC7B63N5;
						ProvisioningStyle = Automatic;
						TestTargetID = 205A09C01F6C555B004B5C63;
					};
				};
			};
			buildConfigurationList = 205A09BC1F6C555B004B5C63 /* Build configuration list for PBXProject "iOSDataStorage" */;
			compatibilityVersion = "Xcode 3.2";
			developmentRegion = English;
			hasScannedForEncodings = 0;
			knownRegions = (
				en,
				Base,
			);
			mainGroup = 205A09B81F6C555B004B5C63;
			productRefGroup = 205A09C21F6C555B004B5C63 /* Products */;
			projectDirPath = "";
			projectRoot = "";
			targets = (
				205A09C01F6C555B004B5C63 /* iOSDataStorage */,
				205A09D91F6C555B004B5C63 /* iOSDataStorageTests */,
				205A09E41F6C555B004B5C63 /* iOSDataStorageUITests */,
			);
		};
/* End PBXProject section */

/* Begin PBXResourcesBuildPhase section */
		205A09BF1F6C555B004B5C63 /* Resources */ = {
			isa = PBXResourcesBuildPhase;
			buildActionMask = 2147483647;
			files = (
				205A09D41F6C555B004B5C63 /* LaunchScreen.storyboard in Resources */,
				205A09D11F6C555B004B5C63 /* Assets.xcassets in Resources */,
				205A09CF1F6C555B004B5C63 /* Main.storyboard in Resources */,
			);
			runOnlyForDeploymentPostprocessing = 0;
		};
		205A09D81F6C555B004B5C63 /* Resources */ = {
			isa = PBXResourcesBuildPhase;
			buildActionMask = 2147483647;
			files = (
			);
			runOnlyForDeploymentPostprocessing = 0;
		};
		205A09E31F6C555B004B5C63 /* Resources */ = {
			isa = PBXResourcesBuildPhase;
			buildActionMask = 2147483647;
			files = (
			);
			runOnlyForDeploymentPostprocessing = 0;
		};
/* End PBXResourcesBuildPhase section */

/* Begin PBXSourcesBuildPhase section */
		205A09BD1F6C555B004B5C63 /* Sources */ = {
			isa = PBXSourcesBuildPhase;
			buildActionMask = 2147483647;
			files = (
				205A09CC1F6C555B004B5C63 /* ViewController.m in Sources */,
				205A09C91F6C555B004B5C63 /* AppDelegate.m in Sources */,
				205A09C61F6C555B004B5C63 /* main.m in Sources */,
			);
			runOnlyForDeploymentPostprocessing = 0;
		};
		205A09D61F6C555B004B5C63 /* Sources */ = {
			isa = PBXSourcesBuildPhase;
			buildActionMask = 2147483647;
			files = (
				205A09DF1F6C555B004B5C63 /* iOSDataStorageTests.m in Sources */,
			);
			runOnlyForDeploymentPostprocessing = 0;
		};
		205A09E11F6C555B004B5C63 /* Sources */ = {
			isa = PBXSourcesBuildPhase;
			buildActionMask = 2147483647;
			files = (
				205A09EA1F6C555B004B5C63 /* iOSDataStorageUITests.m in Sources */,
			);
			runOnlyForDeploymentPostprocessing = 0;
		};
/* End PBXSourcesBuildPhase section */

/* Begin PBXTargetDependency section */
		205A09DC1F6C555B004B5C63 /* PBXTargetDependency */ = {
			isa = PBXTargetDependency;
			target = 205A09C01F6C555B004B5C63 /* iOSDataStorage */;
			targetProxy = 205A09DB1F6C555B004B5C63 /* PBXContainerItemProxy */;
		};
		205A09E71F6C555B004B5C63 /* PBXTargetDependency */ = {
			isa = PBXTargetDependency;
			target = 205A09C01F6C555B004B5C63 /* iOSDataStorage */;
			targetProxy = 205A09E61F6C555B004B5C63 /* PBXContainerItemProxy */;
		};
/* End PBXTargetDependency section */

/* Begin PBXVariantGroup section */
		205A09CD1F6C555B004B5C63 /* Main.storyboard */ = {
			isa = PBXVariantGroup;
			children = (
				205A09CE1F6C555B004B5C63 /* Base */,
			);
			name = Main.storyboard;
			sourceTree = "<group>";
		};
		205A09D21F6C555B004B5C63 /* LaunchScreen.storyboard */ = {
			isa = PBXVariantGroup;
			children = (
				205A09D31F6C555B004B5C63 /* Base */,
			);
			name = LaunchScreen.storyboard;
			sourceTree = "<group>";
		};
/* End PBXVariantGroup section */

/* Begin XCBuildConfiguration section */
		205A09EC1F6C555B004B5C63 /* Debug */ = {
			isa = XCBuildConfiguration;
			buildSettings = {
				ALWAYS_SEARCH_USER_PATHS = NO;
				CLANG_ANALYZER_NONNULL = YES;
				CLANG_ANALYZER_NUMBER_OBJECT_CONVERSION = YES_AGGRESSIVE;
				CLANG_CXX_LANGUAGE_STANDARD = "gnu++0x";
				CLANG_CXX_LIBRARY = "libc++";
				CLANG_ENABLE_MODULES = YES;
				CLANG_ENABLE_OBJC_ARC = YES;
				CLANG_WARN_BOOL_CONVERSION = YES;
				CLANG_WARN_CONSTANT_CONVERSION = YES;
				CLANG_WARN_DIRECT_OBJC_ISA_USAGE = YES_ERROR;
				CLANG_WARN_DOCUMENTATION_COMMENTS = YES;
				CLANG_WARN_EMPTY_BODY = YES;
				CLANG_WARN_ENUM_CONVERSION = YES;
				CLANG_WARN_INFINITE_RECURSION = YES;
				CLANG_WARN_INT_CONVERSION = YES;
				CLANG_WARN_OBJC_ROOT_CLASS = YES_ERROR;
				CLANG_WARN_SUSPICIOUS_MOVE = YES;
				CLANG_WARN_UNREACHABLE_CODE = YES;
				CLANG_WARN__DUPLICATE_METHOD_MATCH = YES;
				"CODE_SIGN_IDENTITY[sdk=iphoneos*]" = "iPhone Developer";
				COPY_PHASE_STRIP = NO;
				DEBUG_INFORMATION_FORMAT = dwarf;
				ENABLE_STRICT_OBJC_MSGSEND = YES;
				ENABLE_TESTABILITY = YES;
				GCC_C_LANGUAGE_STANDARD = gnu99;
				GCC_DYNAMIC_NO_PIC = NO;
				GCC_NO_COMMON_BLOCKS = YES;
				GCC_OPTIMIZATION_LEVEL = 0;
				GCC_PREPROCESSOR_DEFINITIONS = (
					"DEBUG=1",
					"$(inherited)",
				);
				GCC_WARN_64_TO_32_BIT_CONVERSION = YES;
				GCC_WARN_ABOUT_RETURN_TYPE = YES_ERROR;
				GCC_WARN_UNDECLARED_SELECTOR = YES;
				GCC_WARN_UNINITIALIZED_AUTOS = YES_AGGRESSIVE;
				GCC_WARN_UNUSED_FUNCTION = YES;
				GCC_WARN_UNUSED_VARIABLE = YES;
				IPHONEOS_DEPLOYMENT_TARGET = 10.3;
				MTL_ENABLE_DEBUG_INFO = YES;
				ONLY_ACTIVE_ARCH = YES;
				SDKROOT = iphoneos;
				TARGETED_DEVICE_FAMILY = "1,2";
			};
			name = Debug;
		};
		205A09ED1F6C555B004B5C63 /* Release */ = {
			isa = XCBuildConfiguration;
			buildSettings = {
				ALWAYS_SEARCH_USER_PATHS = NO;
				CLANG_ANALYZER_NONNULL = YES;
				CLANG_ANALYZER_NUMBER_OBJECT_CONVERSION = YES_AGGRESSIVE;
				CLANG_CXX_LANGUAGE_STANDARD = "gnu++0x";
				CLANG_CXX_LIBRARY = "libc++";
				CLANG_ENABLE_MODULES = YES;
				CLANG_ENABLE_OBJC_ARC = YES;
				CLANG_WARN_BOOL_CONVERSION = YES;
				CLANG_WARN_CONSTANT_CONVERSION = YES;
				CLANG_WARN_DIRECT_OBJC_ISA_USAGE = YES_ERROR;
				CLANG_WARN_DOCUMENTATION_COMMENTS = YES;
				CLANG_WARN_EMPTY_BODY = YES;
				CLANG_WARN_ENUM_CONVERSION = YES;
				CLANG_WARN_INFINITE_RECURSION = YES;
				CLANG_WARN_INT_CONVERSION = YES;
				CLANG_WARN_OBJC_ROOT_CLASS = YES_ERROR;
				CLANG_WARN_SUSPICIOUS_MOVE = YES;
				CLANG_WARN_UNREACHABLE_CODE = YES;
				CLANG_WARN__DUPLICATE_METHOD_MATCH = YES;
				"CODE_SIGN_IDENTITY[sdk=iphoneos*]" = "iPhone Developer";
				COPY_PHASE_STRIP = NO;
				DEBUG_INFORMATION_FORMAT = "dwarf-with-dsym";
				ENABLE_NS_ASSERTIONS = NO;
				ENABLE_STRICT_OBJC_MSGSEND = YES;
				GCC_C_LANGUAGE_STANDARD = gnu99;
				GCC_NO_COMMON_BLOCKS = YES;
				GCC_WARN_64_TO_32_BIT_CONVERSION = YES;
				GCC_WARN_ABOUT_RETURN_TYPE = YES_ERROR;
				GCC_WARN_UNDECLARED_SELECTOR = YES;
				GCC_WARN_UNINITIALIZED_AUTOS = YES_AGGRESSIVE;
				GCC_WARN_UNUSED_FUNCTION = YES;
				GCC_WARN_UNUSED_VARIABLE = YES;
				IPHONEOS_DEPLOYMENT_TARGET = 10.3;
				MTL_ENABLE_DEBUG_INFO = NO;
				SDKROOT = iphoneos;
				TARGETED_DEVICE_FAMILY = "1,2";
				VALIDATE_PRODUCT = YES;
			};
			name = Release;
		};
		205A09EF1F6C555B004B5C63 /* Debug */ = {
			isa = XCBuildConfiguration;
			buildSettings = {
				ASSETCATALOG_COMPILER_APPICON_NAME = AppIcon;
				DEVELOPMENT_TEAM = 4LAC7B63N5;
				INFOPLIST_FILE = iOSDataStorage/Info.plist;
				LD_RUNPATH_SEARCH_PATHS = "$(inherited) @executable_path/Frameworks";
				PRODUCT_BUNDLE_IDENTIFIER = sneha.iOSDataStorage;
				PRODUCT_NAME = "$(TARGET_NAME)";
			};
			name = Debug;
		};
		205A09F01F6C555B004B5C63 /* Release */ = {
			isa = XCBuildConfiguration;
			buildSettings = {
				ASSETCATALOG_COMPILER_APPICON_NAME = AppIcon;
				DEVELOPMENT_TEAM = 4LAC7B63N5;
				INFOPLIST_FILE = iOSDataStorage/Info.plist;
				LD_RUNPATH_SEARCH_PATHS = "$(inherited) @executable_path/Frameworks";
				PRODUCT_BUNDLE_IDENTIFIER = sneha.iOSDataStorage;
				PRODUCT_NAME = "$(TARGET_NAME)";
			};
			name = Release;
		};
		205A09F21F6C555B004B5C63 /* Debug */ = {
			isa = XCBuildConfiguration;
			buildSettings = {
				BUNDLE_LOADER = "$(TEST_HOST)";
				DEVELOPMENT_TEAM = 4LAC7B63N5;
				INFOPLIST_FILE = iOSDataStorageTests/Info.plist;
				LD_RUNPATH_SEARCH_PATHS = "$(inherited) @executable_path/Frameworks @loader_path/Frameworks";
				PRODUCT_BUNDLE_IDENTIFIER = sneha.iOSDataStorageTests;
				PRODUCT_NAME = "$(TARGET_NAME)";
				TEST_HOST = "$(BUILT_PRODUCTS_DIR)/iOSDataStorage.app/iOSDataStorage";
			};
			name = Debug;
		};
		205A09F31F6C555B004B5C63 /* Release */ = {
			isa = XCBuildConfiguration;
			buildSettings = {
				BUNDLE_LOADER = "$(TEST_HOST)";
				DEVELOPMENT_TEAM = 4LAC7B63N5;
				INFOPLIST_FILE = iOSDataStorageTests/Info.plist;
				LD_RUNPATH_SEARCH_PATHS = "$(inherited) @executable_path/Frameworks @loader_path/Frameworks";
				PRODUCT_BUNDLE_IDENTIFIER = sneha.iOSDataStorageTests;
				PRODUCT_NAME = "$(TARGET_NAME)";
				TEST_HOST = "$(BUILT_PRODUCTS_DIR)/iOSDataStorage.app/iOSDataStorage";
			};
			name = Release;
		};
		205A09F51F6C555B004B5C63 /* Debug */ = {
			isa = XCBuildConfiguration;
			buildSettings = {
				DEVELOPMENT_TEAM = 4LAC7B63N5;
				INFOPLIST_FILE = iOSDataStorageUITests/Info.plist;
				LD_RUNPATH_SEARCH_PATHS = "$(inherited) @executable_path/Frameworks @loader_path/Frameworks";
				PRODUCT_BUNDLE_IDENTIFIER = sneha.iOSDataStorageUITests;
				PRODUCT_NAME = "$(TARGET_NAME)";
				TEST_TARGET_NAME = iOSDataStorage;
			};
			name = Debug;
		};
		205A09F61F6C555B004B5C63 /* Release */ = {
			isa = XCBuildConfiguration;
			buildSettings = {
				DEVELOPMENT_TEAM = 4LAC7B63N5;
				INFOPLIST_FILE = iOSDataStorageUITests/Info.plist;
				LD_RUNPATH_SEARCH_PATHS = "$(inherited) @executable_path/Frameworks @loader_path/Frameworks";
				PRODUCT_BUNDLE_IDENTIFIER = sneha.iOSDataStorageUITests;
				PRODUCT_NAME = "$(TARGET_NAME)";
				TEST_TARGET_NAME = iOSDataStorage;
			};
			name = Release;
		};
/* End XCBuildConfiguration section */

/* Begin XCConfigurationList section */
		205A09BC1F6C555B004B5C63 /* Build configuration list for PBXProject "iOSDataStorage" */ = {
			isa = XCConfigurationList;
			buildConfigurations = (
				205A09EC1F6C555B004B5C63 /* Debug */,
				205A09ED1F6C555B004B5C63 /* Release */,
			);
			defaultConfigurationIsVisible = 0;
			defaultConfigurationName = Release;
		};
		205A09EE1F6C555B004B5C63 /* Build configuration list for PBXNativeTarget "iOSDataStorage" */ = {
			isa = XCConfigurationList;
			buildConfigurations = (
				205A09EF1F6C555B004B5C63 /* Debug */,
				205A09F01F6C555B004B5C63 /* Release */,
			);
			defaultConfigurationIsVisible = 0;
		};
		205A09F11F6C555B004B5C63 /* Build configuration list for PBXNativeTarget "iOSDataStorageTests" */ = {
			isa = XCConfigurationList;
			buildConfigurations = (
				205A09F21F6C555B004B5C63 /* Debug */,
				205A09F31F6C555B004B5C63 /* Release */,
			);
			defaultConfigurationIsVisible = 0;
		};
		205A09F41F6C555B004B5C63 /* Build configuration list for PBXNativeTarget "iOSDataStorageUITests" */ = {
			isa = XCConfigurationList;
			buildConfigurations = (
				205A09F51F6C555B004B5C63 /* Debug */,
				205A09F61F6C555B004B5C63 /* Release */,
			);
			defaultConfigurationIsVisible = 0;
		};
/* End XCConfigurationList section */
	};
	rootObject = 205A09B91F6C555B004B5C63 /* Project object */;
}
